{
  "lockfileVersion": 1,
  "configVersion": 1,
  "workspaces": {
    "": {
      "name": "scratch",
      "dependencies": {
        "dompurify": "^3.0.8",
        "lucide": "^0.470.0",
        "marked": "^11.1.1",
      },
      "devDependencies": {
        "@rsbuild/core": "^1.0.0",
      },
    },
  },
  "packages": {
    "@emnapi/core": ["@emnapi/core@1.8.1", "", { "dependencies": { "@emnapi/wasi-threads": "1.1.0", "tslib": "^2.4.0" } }, "sha512-AvT9QFpxK0Zd8J0jopedNm+w/2fIzvtPKPjqyw9jwvBaReTTqPBk9Hixaz7KbjimP+QNz605/XnjFcDAL2pqBg=="],

    "@emnapi/runtime": ["@emnapi/runtime@1.8.1", "", { "dependencies": { "tslib": "^2.4.0" } }, "sha512-mehfKSMWjjNol8659Z8KxEMrdSJDDot5SXMq00dM8BN4o+CLNXQ0xH2V7EchNHV4RmbZLmmPdEaXZc5H2FXmDg=="],

    "@emnapi/wasi-threads": ["@emnapi/wasi-threads@1.1.0", "", { "dependencies": { "tslib": "^2.4.0" } }, "sha512-WI0DdZ8xFSbgMjR1sFsKABJ/C5OnRrjT06JXbZKexJGrDuPTzZdDYfFlsgcCXCyf+suG5QU2e/y1Wo2V/OapLQ=="],

    "@module-federation/error-codes": ["@module-federation/error-codes@0.22.0", "", {}, "sha512-xF9SjnEy7vTdx+xekjPCV5cIHOGCkdn3pIxo9vU7gEZMIw0SvAEdsy6Uh17xaCpm8V0FWvR0SZoK9Ik6jGOaug=="],

    "@module-federation/runtime": ["@module-federation/runtime@0.22.0", "", { "dependencies": { "@module-federation/error-codes": "0.22.0", "@module-federation/runtime-core": "0.22.0", "@module-federation/sdk": "0.22.0" } }, "sha512-38g5iPju2tPC3KHMPxRKmy4k4onNp6ypFPS1eKGsNLUkXgHsPMBFqAjDw96iEcjri91BrahG4XcdyKi97xZzlA=="],

    "@module-federation/runtime-core": ["@module-federation/runtime-core@0.22.0", "", { "dependencies": { "@module-federation/error-codes": "0.22.0", "@module-federation/sdk": "0.22.0" } }, "sha512-GR1TcD6/s7zqItfhC87zAp30PqzvceoeDGYTgF3Vx2TXvsfDrhP6Qw9T4vudDQL3uJRne6t7CzdT29YyVxlgIA=="],

    "@module-federation/runtime-tools": ["@module-federation/runtime-tools@0.22.0", "", { "dependencies": { "@module-federation/runtime": "0.22.0", "@module-federation/webpack-bundler-runtime": "0.22.0" } }, "sha512-4ScUJ/aUfEernb+4PbLdhM/c60VHl698Gn1gY21m9vyC1Ucn69fPCA1y2EwcCB7IItseRMoNhdcWQnzt/OPCNA=="],

    "@module-federation/sdk": ["@module-federation/sdk@0.22.0", "", {}, "sha512-x4aFNBKn2KVQRuNVC5A7SnrSCSqyfIWmm1DvubjbO9iKFe7ith5niw8dqSFBekYBg2Fwy+eMg4sEFNVvCAdo6g=="],

    "@module-federation/webpack-bundler-runtime": ["@module-federation/webpack-bundler-runtime@0.22.0", "", { "dependencies": { "@module-federation/runtime": "0.22.0", "@module-federation/sdk": "0.22.0" } }, "sha512-aM8gCqXu+/4wBmJtVeMeeMN5guw3chf+2i6HajKtQv7SJfxV/f4IyNQJUeUQu9HfiAZHjqtMV5Lvq/Lvh8LdyA=="],

    "@napi-rs/wasm-runtime": ["@napi-rs/wasm-runtime@1.0.7", "", { "dependencies": { "@emnapi/core": "^1.5.0", "@emnapi/runtime": "^1.5.0", "@tybys/wasm-util": "^0.10.1" } }, "sha512-SeDnOO0Tk7Okiq6DbXmmBODgOAb9dp9gjlphokTUxmt8U3liIP1ZsozBahH69j/RJv+Rfs6IwUKHTgQYJ/HBAw=="],

    "@rsbuild/core": ["@rsbuild/core@1.7.2", "", { "dependencies": { "@rspack/core": "~1.7.1", "@rspack/lite-tapable": "~1.1.0", "@swc/helpers": "^0.5.18", "core-js": "~3.47.0", "jiti": "^2.6.1" }, "bin": { "rsbuild": "bin/rsbuild.js" } }, "sha512-VAFO6cM+cyg2ntxNW6g3tB2Jc5J5mpLjLluvm7VtW2uceNzyUlVv41o66Yp1t1ikxd3ljtqegViXem62JqzveA=="],

    "@rspack/binding": ["@rspack/binding@1.7.2", "", { "optionalDependencies": { "@rspack/binding-darwin-arm64": "1.7.2", "@rspack/binding-darwin-x64": "1.7.2", "@rspack/binding-linux-arm64-gnu": "1.7.2", "@rspack/binding-linux-arm64-musl": "1.7.2", "@rspack/binding-linux-x64-gnu": "1.7.2", "@rspack/binding-linux-x64-musl": "1.7.2", "@rspack/binding-wasm32-wasi": "1.7.2", "@rspack/binding-win32-arm64-msvc": "1.7.2", "@rspack/binding-win32-ia32-msvc": "1.7.2", "@rspack/binding-win32-x64-msvc": "1.7.2" } }, "sha512-bVssRQ39TgGA2RxKEbhUBKYRHln9sbBi0motHmqSU53aMnIkiLXjcj7tZC5dK7Okl2SrHM5KCYK9eG4UodDfdA=="],

    "@rspack/binding-darwin-arm64": ["@rspack/binding-darwin-arm64@1.7.2", "", { "os": "darwin", "cpu": "arm64" }, "sha512-EsmfzNZnuEhVPMX5jWATCHT2UCCBh6iqq448xUMmASDiKVbIOhUTN1ONTV+aMERYl7BgMNJn0iTis6ot2GWKIg=="],

    "@rspack/binding-darwin-x64": ["@rspack/binding-darwin-x64@1.7.2", "", { "os": "darwin", "cpu": "x64" }, "sha512-lQLq0eNzFDzR31XD0H5oTG0y8cBoNF9hJ2gt1GgqMlYvaY+pMEeh7s4rTX1/M0c4gHpLudp86SsDuDJ53BwnaQ=="],

    "@rspack/binding-linux-arm64-gnu": ["@rspack/binding-linux-arm64-gnu@1.7.2", "", { "os": "linux", "cpu": "arm64" }, "sha512-rtrsygVbDYw55ukdIk3NEwNQWkUemfRgeNOUvZ0k/6p7eP16020VPDvIqvcmyPtBhwFmz5vfo57GnBLisjM/kw=="],

    "@rspack/binding-linux-arm64-musl": ["@rspack/binding-linux-arm64-musl@1.7.2", "", { "os": "linux", "cpu": "arm64" }, "sha512-zhh6ycumTHI7V/VOOT6DolvBe5RFG+Np/e5hhlhjEFtskraO9rkWg8knE9Ssu6a6Qdj4nGscqOj9ENNpc6gb+A=="],

    "@rspack/binding-linux-x64-gnu": ["@rspack/binding-linux-x64-gnu@1.7.2", "", { "os": "linux", "cpu": "x64" }, "sha512-ON9hy6OTpBOmmFp/51RPa0r9bDbZ3wTTubT54V+yhHuB+eSrlXQIOQScUGCGoGgqp6sLTwKjv2yy7YLyzd1gCA=="],

    "@rspack/binding-linux-x64-musl": ["@rspack/binding-linux-x64-musl@1.7.2", "", { "os": "linux", "cpu": "x64" }, "sha512-+2nnjwaSOStgLKtY5O7I3yfkwTkhiJLQ35CwQqWKRw+g1E4OFIKpXBfl34JDtrF/2DeS7sVVyLeuC25+43n9/A=="],

    "@rspack/binding-wasm32-wasi": ["@rspack/binding-wasm32-wasi@1.7.2", "", { "dependencies": { "@napi-rs/wasm-runtime": "1.0.7" }, "cpu": "none" }, "sha512-TU/aLBpm9CTR/RTLF27WlvBKGyju6gpiNTRd3XRbX2JfY3UBNUQN/Ev+gQMVeOj55y9Fruzou42/w9ncTKA0Dw=="],

    "@rspack/binding-win32-arm64-msvc": ["@rspack/binding-win32-arm64-msvc@1.7.2", "", { "os": "win32", "cpu": "arm64" }, "sha512-RReQN3AUu46XUZnOy5L/vSj5J+tcl/bzSnGQ2KetZ7dUOjGCC6c0Ki3EiklVM5OC1Agytz0Rz7cJqHJ+HaQbsA=="],

    "@rspack/binding-win32-ia32-msvc": ["@rspack/binding-win32-ia32-msvc@1.7.2", "", { "os": "win32", "cpu": "ia32" }, "sha512-EytrfT2sfUCnRMtXfSNv7AR65DWuY3dX/Bsn1TTin7CC6+RFEAP9nzHtCMISvFPp+c5bveok0/eY8j/f4LZ/Gg=="],

    "@rspack/binding-win32-x64-msvc": ["@rspack/binding-win32-x64-msvc@1.7.2", "", { "os": "win32", "cpu": "x64" }, "sha512-zLFt6cr55fjbIy6HT1xS2yLVmtvRjyZ0TbcRum7Ipp+s23gyGHVYNRuDMj34AHnhbCcX/XrxDTzCc4ba6xtYTw=="],

    "@rspack/core": ["@rspack/core@1.7.2", "", { "dependencies": { "@module-federation/runtime-tools": "0.22.0", "@rspack/binding": "1.7.2", "@rspack/lite-tapable": "1.1.0" }, "peerDependencies": { "@swc/helpers": ">=0.5.1" }, "optionalPeers": ["@swc/helpers"] }, "sha512-Pm06phSQqbthbzl92KdnbXmwcnYRv3Ef86uE6hoADqVjsmt2WvJwNjpqgs0S6n+s9UL6QzxqaaAaKg5qeBT+3g=="],

    "@rspack/lite-tapable": ["@rspack/lite-tapable@1.1.0", "", {}, "sha512-E2B0JhYFmVAwdDiG14+DW0Di4Ze4Jg10Pc4/lILUrd5DRCaklduz2OvJ5HYQ6G+hd+WTzqQb3QnDNfK4yvAFYw=="],

    "@swc/helpers": ["@swc/helpers@0.5.18", "", { "dependencies": { "tslib": "^2.8.0" } }, "sha512-TXTnIcNJQEKwThMMqBXsZ4VGAza6bvN4pa41Rkqoio6QBKMvo+5lexeTMScGCIxtzgQJzElcvIltani+adC5PQ=="],

    "@tybys/wasm-util": ["@tybys/wasm-util@0.10.1", "", { "dependencies": { "tslib": "^2.4.0" } }, "sha512-9tTaPJLSiejZKx+Bmog4uSubteqTvFrVrURwkmHixBo0G4seD0zUxp98E1DzUBJxLQ3NPwXrGKDiVjwx/DpPsg=="],

    "@types/trusted-types": ["@types/trusted-types@2.0.7", "", {}, "sha512-ScaPdn1dQczgbl0QFTeTOmVHFULt394XJgOQNoyVhZ6r2vLnMLJfBPd53SB52T/3G36VI1/g2MZaX0cwDuXsfw=="],

    "core-js": ["core-js@3.47.0", "", {}, "sha512-c3Q2VVkGAUyupsjRnaNX6u8Dq2vAdzm9iuPj5FW0fRxzlxgq9Q39MDq10IvmQSpLgHQNyQzQmOo6bgGHmH3NNg=="],

    "dompurify": ["dompurify@3.3.1", "", { "optionalDependencies": { "@types/trusted-types": "^2.0.7" } }, "sha512-qkdCKzLNtrgPFP1Vo+98FRzJnBRGe4ffyCea9IwHB1fyxPOeNTHpLKYGd4Uk9xvNoH0ZoOjwZxNptyMwqrId1Q=="],

    "jiti": ["jiti@2.6.1", "", { "bin": { "jiti": "lib/jiti-cli.mjs" } }, "sha512-ekilCSN1jwRvIbgeg/57YFh8qQDNbwDb9xT/qu2DAHbFFZUicIl4ygVaAvzveMhMVr3LnpSKTNnwt8PoOfmKhQ=="],

    "lucide": ["lucide@0.470.0", "", {}, "sha512-btC7BMJQYzBGVM0hkwh9c0y3ZzAEv+q0nTKvPWIAZwXUEErUIzLTXA5pBe6jFitKVx5QCxaZ/aDjzC6/CgGumQ=="],

    "marked": ["marked@11.2.0", "", { "bin": { "marked": "bin/marked.js" } }, "sha512-HR0m3bvu0jAPYiIvLUUQtdg1g6D247//lvcekpHO1WMvbwDlwSkZAX9Lw4F4YHE1T0HaaNve0tuAWuV1UJ6vtw=="],

    "tslib": ["tslib@2.8.1", "", {}, "sha512-oJFu94HQb+KVduSUQL7wnpmqnfmLsOA/nAh6b6EH0wCEoK0/mPeXU6c3wKDV83MkOuHPRHtSXKKU99IBazS/2w=="],
  }
}
